Microsoft Visual Studio Solution File, Format Version 12.00
# Visual Studio 15
Project("{8BC9CEB8-8B4A-11D0-8D11-00A0C91BC942}") = "ALL_BUILD", "ALL_BUILD.vcxproj", "{23B1FD78-AAFC-3C71-8AEF-D9B35B5A8AFA}"
	ProjectSection(ProjectDependencies) = postProject
		{E60B99E3-4323-34DA-BDEE-112F73B0CFC8} = {E60B99E3-4323-34DA-BDEE-112F73B0CFC8}
		{AA5538E9-FCB9-3B45-AD18-9189449059F5} = {AA5538E9-FCB9-3B45-AD18-9189449059F5}
		{DCB5FA25-BF7E-320B-BC7E-DA2C4F8D1182} = {DCB5FA25-BF7E-320B-BC7E-DA2C4F8D1182}
		{8E0D5171-2041-3748-AF10-CBE1DF663B9D} = {8E0D5171-2041-3748-AF10-CBE1DF663B9D}
		{00324229-7D2D-38D7-A6C4-86A9BFC5AD14} = {00324229-7D2D-38D7-A6C4-86A9BFC5AD14}
		{10B01343-59CC-3751-A4CF-2A07B4F28EF6} = {10B01343-59CC-3751-A4CF-2A07B4F28EF6}
		{5F1BADAA-743E-38CA-BAB8-9D7C9E3DF89D} = {5F1BADAA-743E-38CA-BAB8-9D7C9E3DF89D}
		{F8FF1CF1-478D-39F2-8673-1516ED48DA73} = {F8FF1CF1-478D-39F2-8673-1516ED48DA73}
		{CC43B552-7EBD-3E74-898C-8C2BE3B6CFA8} = {CC43B552-7EBD-3E74-898C-8C2BE3B6CFA8}
		{B3E3FC00-E02A-3322-A4CC-4EF0E6B1E641} = {B3E3FC00-E02A-3322-A4CC-4EF0E6B1E641}
		{B4B76B43-C195-3A9B-98C3-D333FEB94AB5} = {B4B76B43-C195-3A9B-98C3-D333FEB94AB5}
		{624BFDA3-9010-3A09-93B3-180249495D9E} = {624BFDA3-9010-3A09-93B3-180249495D9E}
		{2516D5C8-7058-32C5-9930-5A852FE43D2F} = {2516D5C8-7058-32C5-9930-5A852FE43D2F}
		{6D5E4487-01AC-32D0-B483-B63D0950FB28} = {6D5E4487-01AC-32D0-B483-B63D0950FB28}
		{D0A3C373-1336-3DDA-B91A-A4F72644FDCB} = {D0A3C373-1336-3DDA-B91A-A4F72644FDCB}
		{2F683F3A-5D44-3E1B-B5DA-5BC084D60466} = {2F683F3A-5D44-3E1B-B5DA-5BC084D60466}
		{82623F49-5250-37E6-91DA-CB3422C564E3} = {82623F49-5250-37E6-91DA-CB3422C564E3}
		{65211917-6B73-3823-AD63-19D4283F58A9} = {65211917-6B73-3823-AD63-19D4283F58A9}
	EndProjectSection
EndProject
Project("{8BC9CEB8-8B4A-11D0-8D11-00A0C91BC942}") = "Continuous", "src\Continuous.vcxproj", "{C1754718-1832-3FAB-AD3E-B2E0E414CFB3}"
	ProjectSection(ProjectDependencies) = postProject
		{E60B99E3-4323-34DA-BDEE-112F73B0CFC8} = {E60B99E3-4323-34DA-BDEE-112F73B0CFC8}
	EndProjectSection
EndProject
Project("{8BC9CEB8-8B4A-11D0-8D11-00A0C91BC942}") = "Experimental", "src\Experimental.vcxproj", "{0DCD331D-C622-3B4E-9425-F6047B3E5951}"
	ProjectSection(ProjectDependencies) = postProject
		{E60B99E3-4323-34DA-BDEE-112F73B0CFC8} = {E60B99E3-4323-34DA-BDEE-112F73B0CFC8}
	EndProjectSection
EndProject
Project("{8BC9CEB8-8B4A-11D0-8D11-00A0C91BC942}") = "INSTALL", "INSTALL.vcxproj", "{8344E9AF-0648-31A8-A018-6EC4CF44895B}"
	ProjectSection(ProjectDependencies) = postProject
		{23B1FD78-AAFC-3C71-8AEF-D9B35B5A8AFA} = {23B1FD78-AAFC-3C71-8AEF-D9B35B5A8AFA}
		{E60B99E3-4323-34DA-BDEE-112F73B0CFC8} = {E60B99E3-4323-34DA-BDEE-112F73B0CFC8}
	EndProjectSection
EndProject
Project("{8BC9CEB8-8B4A-11D0-8D11-00A0C91BC942}") = "Nightly", "src\Nightly.vcxproj", "{158B3B29-34D5-3EC3-B61D-8E1AC0AB4F2A}"
	ProjectSection(ProjectDependencies) = postProject
		{E60B99E3-4323-34DA-BDEE-112F73B0CFC8} = {E60B99E3-4323-34DA-BDEE-112F73B0CFC8}
	EndProjectSection
EndProject
Project("{8BC9CEB8-8B4A-11D0-8D11-00A0C91BC942}") = "NightlyMemoryCheck", "src\NightlyMemoryCheck.vcxproj", "{C0370808-8669-3AF3-B02F-325156AF6D24}"
	ProjectSection(ProjectDependencies) = postProject
		{E60B99E3-4323-34DA-BDEE-112F73B0CFC8} = {E60B99E3-4323-34DA-BDEE-112F73B0CFC8}
	EndProjectSection
EndProject
Project("{8BC9CEB8-8B4A-11D0-8D11-00A0C91BC942}") = "ZERO_CHECK", "ZERO_CHECK.vcxproj", "{E60B99E3-4323-34DA-BDEE-112F73B0CFC8}"
	ProjectSection(ProjectDependencies) = postProject
	EndProjectSection
EndProject
Project("{8BC9CEB8-8B4A-11D0-8D11-00A0C91BC942}") = "capnp", "src\capnp\capnp.vcxproj", "{AA5538E9-FCB9-3B45-AD18-9189449059F5}"
	ProjectSection(ProjectDependencies) = postProject
		{E60B99E3-4323-34DA-BDEE-112F73B0CFC8} = {E60B99E3-4323-34DA-BDEE-112F73B0CFC8}
		{624BFDA3-9010-3A09-93B3-180249495D9E} = {624BFDA3-9010-3A09-93B3-180249495D9E}
	EndProjectSection
EndProject
Project("{8BC9CEB8-8B4A-11D0-8D11-00A0C91BC942}") = "capnp-evolution-tests", "src\capnp\capnp-evolution-tests.vcxproj", "{DCB5FA25-BF7E-320B-BC7E-DA2C4F8D1182}"
	ProjectSection(ProjectDependencies) = postProject
		{E60B99E3-4323-34DA-BDEE-112F73B0CFC8} = {E60B99E3-4323-34DA-BDEE-112F73B0CFC8}
		{AA5538E9-FCB9-3B45-AD18-9189449059F5} = {AA5538E9-FCB9-3B45-AD18-9189449059F5}
		{CC43B552-7EBD-3E74-898C-8C2BE3B6CFA8} = {CC43B552-7EBD-3E74-898C-8C2BE3B6CFA8}
		{624BFDA3-9010-3A09-93B3-180249495D9E} = {624BFDA3-9010-3A09-93B3-180249495D9E}
	EndProjectSection
EndProject
Project("{8BC9CEB8-8B4A-11D0-8D11-00A0C91BC942}") = "capnp-heavy-tests", "src\capnp\capnp-heavy-tests.vcxproj", "{8E0D5171-2041-3748-AF10-CBE1DF663B9D}"
	ProjectSection(ProjectDependencies) = postProject
		{E60B99E3-4323-34DA-BDEE-112F73B0CFC8} = {E60B99E3-4323-34DA-BDEE-112F73B0CFC8}
		{AA5538E9-FCB9-3B45-AD18-9189449059F5} = {AA5538E9-FCB9-3B45-AD18-9189449059F5}
		{00324229-7D2D-38D7-A6C4-86A9BFC5AD14} = {00324229-7D2D-38D7-A6C4-86A9BFC5AD14}
		{10B01343-59CC-3751-A4CF-2A07B4F28EF6} = {10B01343-59CC-3751-A4CF-2A07B4F28EF6}
		{F8FF1CF1-478D-39F2-8673-1516ED48DA73} = {F8FF1CF1-478D-39F2-8673-1516ED48DA73}
		{CC43B552-7EBD-3E74-898C-8C2BE3B6CFA8} = {CC43B552-7EBD-3E74-898C-8C2BE3B6CFA8}
		{B4B76B43-C195-3A9B-98C3-D333FEB94AB5} = {B4B76B43-C195-3A9B-98C3-D333FEB94AB5}
		{624BFDA3-9010-3A09-93B3-180249495D9E} = {624BFDA3-9010-3A09-93B3-180249495D9E}
		{2516D5C8-7058-32C5-9930-5A852FE43D2F} = {2516D5C8-7058-32C5-9930-5A852FE43D2F}
		{82623F49-5250-37E6-91DA-CB3422C564E3} = {82623F49-5250-37E6-91DA-CB3422C564E3}
		{696F4529-D294-3AB8-893E-4483F8080AAA} = {696F4529-D294-3AB8-893E-4483F8080AAA}
	EndProjectSection
EndProject
Project("{8BC9CEB8-8B4A-11D0-8D11-00A0C91BC942}") = "capnp-json", "src\capnp\capnp-json.vcxproj", "{00324229-7D2D-38D7-A6C4-86A9BFC5AD14}"
	ProjectSection(ProjectDependencies) = postProject
		{E60B99E3-4323-34DA-BDEE-112F73B0CFC8} = {E60B99E3-4323-34DA-BDEE-112F73B0CFC8}
		{AA5538E9-FCB9-3B45-AD18-9189449059F5} = {AA5538E9-FCB9-3B45-AD18-9189449059F5}
		{624BFDA3-9010-3A09-93B3-180249495D9E} = {624BFDA3-9010-3A09-93B3-180249495D9E}
		{2516D5C8-7058-32C5-9930-5A852FE43D2F} = {2516D5C8-7058-32C5-9930-5A852FE43D2F}
	EndProjectSection
EndProject
Project("{8BC9CEB8-8B4A-11D0-8D11-00A0C91BC942}") = "capnp-rpc", "src\capnp\capnp-rpc.vcxproj", "{10B01343-59CC-3751-A4CF-2A07B4F28EF6}"
	ProjectSection(ProjectDependencies) = postProject
		{E60B99E3-4323-34DA-BDEE-112F73B0CFC8} = {E60B99E3-4323-34DA-BDEE-112F73B0CFC8}
		{AA5538E9-FCB9-3B45-AD18-9189449059F5} = {AA5538E9-FCB9-3B45-AD18-9189449059F5}
		{624BFDA3-9010-3A09-93B3-180249495D9E} = {624BFDA3-9010-3A09-93B3-180249495D9E}
		{2516D5C8-7058-32C5-9930-5A852FE43D2F} = {2516D5C8-7058-32C5-9930-5A852FE43D2F}
	EndProjectSection
EndProject
Project("{8BC9CEB8-8B4A-11D0-8D11-00A0C91BC942}") = "capnp-tests", "src\capnp\capnp-tests.vcxproj", "{5F1BADAA-743E-38CA-BAB8-9D7C9E3DF89D}"
	ProjectSection(ProjectDependencies) = postProject
		{E60B99E3-4323-34DA-BDEE-112F73B0CFC8} = {E60B99E3-4323-34DA-BDEE-112F73B0CFC8}
		{AA5538E9-FCB9-3B45-AD18-9189449059F5} = {AA5538E9-FCB9-3B45-AD18-9189449059F5}
		{00324229-7D2D-38D7-A6C4-86A9BFC5AD14} = {00324229-7D2D-38D7-A6C4-86A9BFC5AD14}
		{10B01343-59CC-3751-A4CF-2A07B4F28EF6} = {10B01343-59CC-3751-A4CF-2A07B4F28EF6}
		{F8FF1CF1-478D-39F2-8673-1516ED48DA73} = {F8FF1CF1-478D-39F2-8673-1516ED48DA73}
		{CC43B552-7EBD-3E74-898C-8C2BE3B6CFA8} = {CC43B552-7EBD-3E74-898C-8C2BE3B6CFA8}
		{B4B76B43-C195-3A9B-98C3-D333FEB94AB5} = {B4B76B43-C195-3A9B-98C3-D333FEB94AB5}
		{624BFDA3-9010-3A09-93B3-180249495D9E} = {624BFDA3-9010-3A09-93B3-180249495D9E}
		{2516D5C8-7058-32C5-9930-5A852FE43D2F} = {2516D5C8-7058-32C5-9930-5A852FE43D2F}
		{82623F49-5250-37E6-91DA-CB3422C564E3} = {82623F49-5250-37E6-91DA-CB3422C564E3}
		{696F4529-D294-3AB8-893E-4483F8080AAA} = {696F4529-D294-3AB8-893E-4483F8080AAA}
	EndProjectSection
EndProject
Project("{8BC9CEB8-8B4A-11D0-8D11-00A0C91BC942}") = "capnp_tool", "src\capnp\capnp_tool.vcxproj", "{F8FF1CF1-478D-39F2-8673-1516ED48DA73}"
	ProjectSection(ProjectDependencies) = postProject
		{E60B99E3-4323-34DA-BDEE-112F73B0CFC8} = {E60B99E3-4323-34DA-BDEE-112F73B0CFC8}
		{AA5538E9-FCB9-3B45-AD18-9189449059F5} = {AA5538E9-FCB9-3B45-AD18-9189449059F5}
		{00324229-7D2D-38D7-A6C4-86A9BFC5AD14} = {00324229-7D2D-38D7-A6C4-86A9BFC5AD14}
		{CC43B552-7EBD-3E74-898C-8C2BE3B6CFA8} = {CC43B552-7EBD-3E74-898C-8C2BE3B6CFA8}
		{624BFDA3-9010-3A09-93B3-180249495D9E} = {624BFDA3-9010-3A09-93B3-180249495D9E}
		{2516D5C8-7058-32C5-9930-5A852FE43D2F} = {2516D5C8-7058-32C5-9930-5A852FE43D2F}
	EndProjectSection
EndProject
Project("{8BC9CEB8-8B4A-11D0-8D11-00A0C91BC942}") = "capnpc", "src\capnp\capnpc.vcxproj", "{CC43B552-7EBD-3E74-898C-8C2BE3B6CFA8}"
	ProjectSection(ProjectDependencies) = postProject
		{E60B99E3-4323-34DA-BDEE-112F73B0CFC8} = {E60B99E3-4323-34DA-BDEE-112F73B0CFC8}
		{AA5538E9-FCB9-3B45-AD18-9189449059F5} = {AA5538E9-FCB9-3B45-AD18-9189449059F5}
		{624BFDA3-9010-3A09-93B3-180249495D9E} = {624BFDA3-9010-3A09-93B3-180249495D9E}
	EndProjectSection
EndProject
Project("{8BC9CEB8-8B4A-11D0-8D11-00A0C91BC942}") = "capnpc_capnp", "src\capnp\capnpc_capnp.vcxproj", "{B3E3FC00-E02A-3322-A4CC-4EF0E6B1E641}"
	ProjectSection(ProjectDependencies) = postProject
		{E60B99E3-4323-34DA-BDEE-112F73B0CFC8} = {E60B99E3-4323-34DA-BDEE-112F73B0CFC8}
		{AA5538E9-FCB9-3B45-AD18-9189449059F5} = {AA5538E9-FCB9-3B45-AD18-9189449059F5}
		{624BFDA3-9010-3A09-93B3-180249495D9E} = {624BFDA3-9010-3A09-93B3-180249495D9E}
	EndProjectSection
EndProject
Project("{8BC9CEB8-8B4A-11D0-8D11-00A0C91BC942}") = "capnpc_cpp", "src\capnp\capnpc_cpp.vcxproj", "{B4B76B43-C195-3A9B-98C3-D333FEB94AB5}"
	ProjectSection(ProjectDependencies) = postProject
		{E60B99E3-4323-34DA-BDEE-112F73B0CFC8} = {E60B99E3-4323-34DA-BDEE-112F73B0CFC8}
		{AA5538E9-FCB9-3B45-AD18-9189449059F5} = {AA5538E9-FCB9-3B45-AD18-9189449059F5}
		{624BFDA3-9010-3A09-93B3-180249495D9E} = {624BFDA3-9010-3A09-93B3-180249495D9E}
	EndProjectSection
EndProject
Project("{8BC9CEB8-8B4A-11D0-8D11-00A0C91BC942}") = "check", "src\check.vcxproj", "{AF0041CB-339C-34A7-8525-522526962937}"
	ProjectSection(ProjectDependencies) = postProject
		{E60B99E3-4323-34DA-BDEE-112F73B0CFC8} = {E60B99E3-4323-34DA-BDEE-112F73B0CFC8}
		{DCB5FA25-BF7E-320B-BC7E-DA2C4F8D1182} = {DCB5FA25-BF7E-320B-BC7E-DA2C4F8D1182}
		{8E0D5171-2041-3748-AF10-CBE1DF663B9D} = {8E0D5171-2041-3748-AF10-CBE1DF663B9D}
		{5F1BADAA-743E-38CA-BAB8-9D7C9E3DF89D} = {5F1BADAA-743E-38CA-BAB8-9D7C9E3DF89D}
		{D0A3C373-1336-3DDA-B91A-A4F72644FDCB} = {D0A3C373-1336-3DDA-B91A-A4F72644FDCB}
		{65211917-6B73-3823-AD63-19D4283F58A9} = {65211917-6B73-3823-AD63-19D4283F58A9}
	EndProjectSection
EndProject
Project("{8BC9CEB8-8B4A-11D0-8D11-00A0C91BC942}") = "kj", "src\kj\kj.vcxproj", "{624BFDA3-9010-3A09-93B3-180249495D9E}"
	ProjectSection(ProjectDependencies) = postProject
		{E60B99E3-4323-34DA-BDEE-112F73B0CFC8} = {E60B99E3-4323-34DA-BDEE-112F73B0CFC8}
	EndProjectSection
EndProject
Project("{8BC9CEB8-8B4A-11D0-8D11-00A0C91BC942}") = "kj-async", "src\kj\kj-async.vcxproj", "{2516D5C8-7058-32C5-9930-5A852FE43D2F}"
	ProjectSection(ProjectDependencies) = postProject
		{E60B99E3-4323-34DA-BDEE-112F73B0CFC8} = {E60B99E3-4323-34DA-BDEE-112F73B0CFC8}
		{624BFDA3-9010-3A09-93B3-180249495D9E} = {624BFDA3-9010-3A09-93B3-180249495D9E}
	EndProjectSection
EndProject
Project("{8BC9CEB8-8B4A-11D0-8D11-00A0C91BC942}") = "kj-gzip", "src\kj\kj-gzip.vcxproj", "{6D5E4487-01AC-32D0-B483-B63D0950FB28}"
	ProjectSection(ProjectDependencies) = postProject
		{E60B99E3-4323-34DA-BDEE-112F73B0CFC8} = {E60B99E3-4323-34DA-BDEE-112F73B0CFC8}
	EndProjectSection
EndProject
Project("{8BC9CEB8-8B4A-11D0-8D11-00A0C91BC942}") = "kj-heavy-tests", "src\kj\kj-heavy-tests.vcxproj", "{D0A3C373-1336-3DDA-B91A-A4F72644FDCB}"
	ProjectSection(ProjectDependencies) = postProject
		{E60B99E3-4323-34DA-BDEE-112F73B0CFC8} = {E60B99E3-4323-34DA-BDEE-112F73B0CFC8}
		{624BFDA3-9010-3A09-93B3-180249495D9E} = {624BFDA3-9010-3A09-93B3-180249495D9E}
		{2516D5C8-7058-32C5-9930-5A852FE43D2F} = {2516D5C8-7058-32C5-9930-5A852FE43D2F}
		{6D5E4487-01AC-32D0-B483-B63D0950FB28} = {6D5E4487-01AC-32D0-B483-B63D0950FB28}
		{2F683F3A-5D44-3E1B-B5DA-5BC084D60466} = {2F683F3A-5D44-3E1B-B5DA-5BC084D60466}
		{82623F49-5250-37E6-91DA-CB3422C564E3} = {82623F49-5250-37E6-91DA-CB3422C564E3}
	EndProjectSection
EndProject
Project("{8BC9CEB8-8B4A-11D0-8D11-00A0C91BC942}") = "kj-http", "src\kj\kj-http.vcxproj", "{2F683F3A-5D44-3E1B-B5DA-5BC084D60466}"
	ProjectSection(ProjectDependencies) = postProject
		{E60B99E3-4323-34DA-BDEE-112F73B0CFC8} = {E60B99E3-4323-34DA-BDEE-112F73B0CFC8}
		{624BFDA3-9010-3A09-93B3-180249495D9E} = {624BFDA3-9010-3A09-93B3-180249495D9E}
		{2516D5C8-7058-32C5-9930-5A852FE43D2F} = {2516D5C8-7058-32C5-9930-5A852FE43D2F}
	EndProjectSection
EndProject
Project("{8BC9CEB8-8B4A-11D0-8D11-00A0C91BC942}") = "kj-test", "src\kj\kj-test.vcxproj", "{82623F49-5250-37E6-91DA-CB3422C564E3}"
	ProjectSection(ProjectDependencies) = postProject
		{E60B99E3-4323-34DA-BDEE-112F73B0CFC8} = {E60B99E3-4323-34DA-BDEE-112F73B0CFC8}
		{624BFDA3-9010-3A09-93B3-180249495D9E} = {624BFDA3-9010-3A09-93B3-180249495D9E}
	EndProjectSection
EndProject
Project("{8BC9CEB8-8B4A-11D0-8D11-00A0C91BC942}") = "kj-tests", "src\kj\kj-tests.vcxproj", "{65211917-6B73-3823-AD63-19D4283F58A9}"
	ProjectSection(ProjectDependencies) = postProject
		{E60B99E3-4323-34DA-BDEE-112F73B0CFC8} = {E60B99E3-4323-34DA-BDEE-112F73B0CFC8}
		{624BFDA3-9010-3A09-93B3-180249495D9E} = {624BFDA3-9010-3A09-93B3-180249495D9E}
		{82623F49-5250-37E6-91DA-CB3422C564E3} = {82623F49-5250-37E6-91DA-CB3422C564E3}
	EndProjectSection
EndProject
Project("{8BC9CEB8-8B4A-11D0-8D11-00A0C91BC942}") = "test_capnp", "src\capnp\test_capnp.vcxproj", "{696F4529-D294-3AB8-893E-4483F8080AAA}"
	ProjectSection(ProjectDependencies) = postProject
		{E60B99E3-4323-34DA-BDEE-112F73B0CFC8} = {E60B99E3-4323-34DA-BDEE-112F73B0CFC8}
		{F8FF1CF1-478D-39F2-8673-1516ED48DA73} = {F8FF1CF1-478D-39F2-8673-1516ED48DA73}
		{B4B76B43-C195-3A9B-98C3-D333FEB94AB5} = {B4B76B43-C195-3A9B-98C3-D333FEB94AB5}
	EndProjectSection
EndProject
Global
	GlobalSection(SolutionConfigurationPlatforms) = preSolution
		Debug|Win32 = Debug|Win32
		Release|Win32 = Release|Win32
		MinSizeRel|Win32 = MinSizeRel|Win32
		RelWithDebInfo|Win32 = RelWithDebInfo|Win32
	EndGlobalSection
	GlobalSection(ProjectConfigurationPlatforms) = postSolution
		{23B1FD78-AAFC-3C71-8AEF-D9B35B5A8AFA}.Debug|Win32.ActiveCfg = Debug|Win32
		{23B1FD78-AAFC-3C71-8AEF-D9B35B5A8AFA}.Debug|Win32.Build.0 = Debug|Win32
		{23B1FD78-AAFC-3C71-8AEF-D9B35B5A8AFA}.Release|Win32.ActiveCfg = Release|Win32
		{23B1FD78-AAFC-3C71-8AEF-D9B35B5A8AFA}.Release|Win32.Build.0 = Release|Win32
		{23B1FD78-AAFC-3C71-8AEF-D9B35B5A8AFA}.MinSizeRel|Win32.ActiveCfg = MinSizeRel|Win32
		{23B1FD78-AAFC-3C71-8AEF-D9B35B5A8AFA}.MinSizeRel|Win32.Build.0 = MinSizeRel|Win32
		{23B1FD78-AAFC-3C71-8AEF-D9B35B5A8AFA}.RelWithDebInfo|Win32.ActiveCfg = RelWithDebInfo|Win32
		{23B1FD78-AAFC-3C71-8AEF-D9B35B5A8AFA}.RelWithDebInfo|Win32.Build.0 = RelWithDebInfo|Win32
		{C1754718-1832-3FAB-AD3E-B2E0E414CFB3}.Debug|Win32.ActiveCfg = Debug|Win32
		{C1754718-1832-3FAB-AD3E-B2E0E414CFB3}.Release|Win32.ActiveCfg = Release|Win32
		{C1754718-1832-3FAB-AD3E-B2E0E414CFB3}.MinSizeRel|Win32.ActiveCfg = MinSizeRel|Win32
		{C1754718-1832-3FAB-AD3E-B2E0E414CFB3}.RelWithDebInfo|Win32.ActiveCfg = RelWithDebInfo|Win32
		{0DCD331D-C622-3B4E-9425-F6047B3E5951}.Debug|Win32.ActiveCfg = Debug|Win32
		{0DCD331D-C622-3B4E-9425-F6047B3E5951}.Release|Win32.ActiveCfg = Release|Win32
		{0DCD331D-C622-3B4E-9425-F6047B3E5951}.MinSizeRel|Win32.ActiveCfg = MinSizeRel|Win32
		{0DCD331D-C622-3B4E-9425-F6047B3E5951}.RelWithDebInfo|Win32.ActiveCfg = RelWithDebInfo|Win32
		{8344E9AF-0648-31A8-A018-6EC4CF44895B}.Debug|Win32.ActiveCfg = Debug|Win32
		{8344E9AF-0648-31A8-A018-6EC4CF44895B}.Release|Win32.ActiveCfg = Release|Win32
		{8344E9AF-0648-31A8-A018-6EC4CF44895B}.MinSizeRel|Win32.ActiveCfg = MinSizeRel|Win32
		{8344E9AF-0648-31A8-A018-6EC4CF44895B}.RelWithDebInfo|Win32.ActiveCfg = RelWithDebInfo|Win32
		{158B3B29-34D5-3EC3-B61D-8E1AC0AB4F2A}.Debug|Win32.ActiveCfg = Debug|Win32
		{158B3B29-34D5-3EC3-B61D-8E1AC0AB4F2A}.Release|Win32.ActiveCfg = Release|Win32
		{158B3B29-34D5-3EC3-B61D-8E1AC0AB4F2A}.MinSizeRel|Win32.ActiveCfg = MinSizeRel|Win32
		{158B3B29-34D5-3EC3-B61D-8E1AC0AB4F2A}.RelWithDebInfo|Win32.ActiveCfg = RelWithDebInfo|Win32
		{C0370808-8669-3AF3-B02F-325156AF6D24}.Debug|Win32.ActiveCfg = Debug|Win32
		{C0370808-8669-3AF3-B02F-325156AF6D24}.Release|Win32.ActiveCfg = Release|Win32
		{C0370808-8669-3AF3-B02F-325156AF6D24}.MinSizeRel|Win32.ActiveCfg = MinSizeRel|Win32
		{C0370808-8669-3AF3-B02F-325156AF6D24}.RelWithDebInfo|Win32.ActiveCfg = RelWithDebInfo|Win32
		{E60B99E3-4323-34DA-BDEE-112F73B0CFC8}.Debug|Win32.ActiveCfg = Debug|Win32
		{E60B99E3-4323-34DA-BDEE-112F73B0CFC8}.Debug|Win32.Build.0 = Debug|Win32
		{E60B99E3-4323-34DA-BDEE-112F73B0CFC8}.Release|Win32.ActiveCfg = Release|Win32
		{E60B99E3-4323-34DA-BDEE-112F73B0CFC8}.Release|Win32.Build.0 = Release|Win32
		{E60B99E3-4323-34DA-BDEE-112F73B0CFC8}.MinSizeRel|Win32.ActiveCfg = MinSizeRel|Win32
		{E60B99E3-4323-34DA-BDEE-112F73B0CFC8}.MinSizeRel|Win32.Build.0 = MinSizeRel|Win32
		{E60B99E3-4323-34DA-BDEE-112F73B0CFC8}.RelWithDebInfo|Win32.ActiveCfg = RelWithDebInfo|Win32
		{E60B99E3-4323-34DA-BDEE-112F73B0CFC8}.RelWithDebInfo|Win32.Build.0 = RelWithDebInfo|Win32
		{AA5538E9-FCB9-3B45-AD18-9189449059F5}.Debug|Win32.ActiveCfg = Debug|Win32
		{AA5538E9-FCB9-3B45-AD18-9189449059F5}.Debug|Win32.Build.0 = Debug|Win32
		{AA5538E9-FCB9-3B45-AD18-9189449059F5}.Release|Win32.ActiveCfg = Release|Win32
		{AA5538E9-FCB9-3B45-AD18-9189449059F5}.Release|Win32.Build.0 = Release|Win32
		{AA5538E9-FCB9-3B45-AD18-9189449059F5}.MinSizeRel|Win32.ActiveCfg = MinSizeRel|Win32
		{AA5538E9-FCB9-3B45-AD18-9189449059F5}.MinSizeRel|Win32.Build.0 = MinSizeRel|Win32
		{AA5538E9-FCB9-3B45-AD18-9189449059F5}.RelWithDebInfo|Win32.ActiveCfg = RelWithDebInfo|Win32
		{AA5538E9-FCB9-3B45-AD18-9189449059F5}.RelWithDebInfo|Win32.Build.0 = RelWithDebInfo|Win32
		{DCB5FA25-BF7E-320B-BC7E-DA2C4F8D1182}.Debug|Win32.ActiveCfg = Debug|Win32
		{DCB5FA25-BF7E-320B-BC7E-DA2C4F8D1182}.Debug|Win32.Build.0 = Debug|Win32
		{DCB5FA25-BF7E-320B-BC7E-DA2C4F8D1182}.Release|Win32.ActiveCfg = Release|Win32
		{DCB5FA25-BF7E-320B-BC7E-DA2C4F8D1182}.Release|Win32.Build.0 = Release|Win32
		{DCB5FA25-BF7E-320B-BC7E-DA2C4F8D1182}.MinSizeRel|Win32.ActiveCfg = MinSizeRel|Win32
		{DCB5FA25-BF7E-320B-BC7E-DA2C4F8D1182}.MinSizeRel|Win32.Build.0 = MinSizeRel|Win32
		{DCB5FA25-BF7E-320B-BC7E-DA2C4F8D1182}.RelWithDebInfo|Win32.ActiveCfg = RelWithDebInfo|Win32
		{DCB5FA25-BF7E-320B-BC7E-DA2C4F8D1182}.RelWithDebInfo|Win32.Build.0 = RelWithDebInfo|Win32
		{8E0D5171-2041-3748-AF10-CBE1DF663B9D}.Debug|Win32.ActiveCfg = Debug|Win32
		{8E0D5171-2041-3748-AF10-CBE1DF663B9D}.Debug|Win32.Build.0 = Debug|Win32
		{8E0D5171-2041-3748-AF10-CBE1DF663B9D}.Release|Win32.ActiveCfg = Release|Win32
		{8E0D5171-2041-3748-AF10-CBE1DF663B9D}.Release|Win32.Build.0 = Release|Win32
		{8E0D5171-2041-3748-AF10-CBE1DF663B9D}.MinSizeRel|Win32.ActiveCfg = MinSizeRel|Win32
		{8E0D5171-2041-3748-AF10-CBE1DF663B9D}.MinSizeRel|Win32.Build.0 = MinSizeRel|Win32
		{8E0D5171-2041-3748-AF10-CBE1DF663B9D}.RelWithDebInfo|Win32.ActiveCfg = RelWithDebInfo|Win32
		{8E0D5171-2041-3748-AF10-CBE1DF663B9D}.RelWithDebInfo|Win32.Build.0 = RelWithDebInfo|Win32
		{00324229-7D2D-38D7-A6C4-86A9BFC5AD14}.Debug|Win32.ActiveCfg = Debug|Win32
		{00324229-7D2D-38D7-A6C4-86A9BFC5AD14}.Debug|Win32.Build.0 = Debug|Win32
		{00324229-7D2D-38D7-A6C4-86A9BFC5AD14}.Release|Win32.ActiveCfg = Release|Win32
		{00324229-7D2D-38D7-A6C4-86A9BFC5AD14}.Release|Win32.Build.0 = Release|Win32
		{00324229-7D2D-38D7-A6C4-86A9BFC5AD14}.MinSizeRel|Win32.ActiveCfg = MinSizeRel|Win32
		{00324229-7D2D-38D7-A6C4-86A9BFC5AD14}.MinSizeRel|Win32.Build.0 = MinSizeRel|Win32
		{00324229-7D2D-38D7-A6C4-86A9BFC5AD14}.RelWithDebInfo|Win32.ActiveCfg = RelWithDebInfo|Win32
		{00324229-7D2D-38D7-A6C4-86A9BFC5AD14}.RelWithDebInfo|Win32.Build.0 = RelWithDebInfo|Win32
		{10B01343-59CC-3751-A4CF-2A07B4F28EF6}.Debug|Win32.ActiveCfg = Debug|Win32
		{10B01343-59CC-3751-A4CF-2A07B4F28EF6}.Debug|Win32.Build.0 = Debug|Win32
		{10B01343-59CC-3751-A4CF-2A07B4F28EF6}.Release|Win32.ActiveCfg = Release|Win32
		{10B01343-59CC-3751-A4CF-2A07B4F28EF6}.Release|Win32.Build.0 = Release|Win32
		{10B01343-59CC-3751-A4CF-2A07B4F28EF6}.MinSizeRel|Win32.ActiveCfg = MinSizeRel|Win32
		{10B01343-59CC-3751-A4CF-2A07B4F28EF6}.MinSizeRel|Win32.Build.0 = MinSizeRel|Win32
		{10B01343-59CC-3751-A4CF-2A07B4F28EF6}.RelWithDebInfo|Win32.ActiveCfg = RelWithDebInfo|Win32
		{10B01343-59CC-3751-A4CF-2A07B4F28EF6}.RelWithDebInfo|Win32.Build.0 = RelWithDebInfo|Win32
		{5F1BADAA-743E-38CA-BAB8-9D7C9E3DF89D}.Debug|Win32.ActiveCfg = Debug|Win32
		{5F1BADAA-743E-38CA-BAB8-9D7C9E3DF89D}.Debug|Win32.Build.0 = Debug|Win32
		{5F1BADAA-743E-38CA-BAB8-9D7C9E3DF89D}.Release|Win32.ActiveCfg = Release|Win32
		{5F1BADAA-743E-38CA-BAB8-9D7C9E3DF89D}.Release|Win32.Build.0 = Release|Win32
		{5F1BADAA-743E-38CA-BAB8-9D7C9E3DF89D}.MinSizeRel|Win32.ActiveCfg = MinSizeRel|Win32
		{5F1BADAA-743E-38CA-BAB8-9D7C9E3DF89D}.MinSizeRel|Win32.Build.0 = MinSizeRel|Win32
		{5F1BADAA-743E-38CA-BAB8-9D7C9E3DF89D}.RelWithDebInfo|Win32.ActiveCfg = RelWithDebInfo|Win32
		{5F1BADAA-743E-38CA-BAB8-9D7C9E3DF89D}.RelWithDebInfo|Win32.Build.0 = RelWithDebInfo|Win32
		{F8FF1CF1-478D-39F2-8673-1516ED48DA73}.Debug|Win32.ActiveCfg = Debug|Win32
		{F8FF1CF1-478D-39F2-8673-1516ED48DA73}.Debug|Win32.Build.0 = Debug|Win32
		{F8FF1CF1-478D-39F2-8673-1516ED48DA73}.Release|Win32.ActiveCfg = Release|Win32
		{F8FF1CF1-478D-39F2-8673-1516ED48DA73}.Release|Win32.Build.0 = Release|Win32
		{F8FF1CF1-478D-39F2-8673-1516ED48DA73}.MinSizeRel|Win32.ActiveCfg = MinSizeRel|Win32
		{F8FF1CF1-478D-39F2-8673-1516ED48DA73}.MinSizeRel|Win32.Build.0 = MinSizeRel|Win32
		{F8FF1CF1-478D-39F2-8673-1516ED48DA73}.RelWithDebInfo|Win32.ActiveCfg = RelWithDebInfo|Win32
		{F8FF1CF1-478D-39F2-8673-1516ED48DA73}.RelWithDebInfo|Win32.Build.0 = RelWithDebInfo|Win32
		{CC43B552-7EBD-3E74-898C-8C2BE3B6CFA8}.Debug|Win32.ActiveCfg = Debug|Win32
		{CC43B552-7EBD-3E74-898C-8C2BE3B6CFA8}.Debug|Win32.Build.0 = Debug|Win32
		{CC43B552-7EBD-3E74-898C-8C2BE3B6CFA8}.Release|Win32.ActiveCfg = Release|Win32
		{CC43B552-7EBD-3E74-898C-8C2BE3B6CFA8}.Release|Win32.Build.0 = Release|Win32
		{CC43B552-7EBD-3E74-898C-8C2BE3B6CFA8}.MinSizeRel|Win32.ActiveCfg = MinSizeRel|Win32
		{CC43B552-7EBD-3E74-898C-8C2BE3B6CFA8}.MinSizeRel|Win32.Build.0 = MinSizeRel|Win32
		{CC43B552-7EBD-3E74-898C-8C2BE3B6CFA8}.RelWithDebInfo|Win32.ActiveCfg = RelWithDebInfo|Win32
		{CC43B552-7EBD-3E74-898C-8C2BE3B6CFA8}.RelWithDebInfo|Win32.Build.0 = RelWithDebInfo|Win32
		{B3E3FC00-E02A-3322-A4CC-4EF0E6B1E641}.Debug|Win32.ActiveCfg = Debug|Win32
		{B3E3FC00-E02A-3322-A4CC-4EF0E6B1E641}.Debug|Win32.Build.0 = Debug|Win32
		{B3E3FC00-E02A-3322-A4CC-4EF0E6B1E641}.Release|Win32.ActiveCfg = Release|Win32
		{B3E3FC00-E02A-3322-A4CC-4EF0E6B1E641}.Release|Win32.Build.0 = Release|Win32
		{B3E3FC00-E02A-3322-A4CC-4EF0E6B1E641}.MinSizeRel|Win32.ActiveCfg = MinSizeRel|Win32
		{B3E3FC00-E02A-3322-A4CC-4EF0E6B1E641}.MinSizeRel|Win32.Build.0 = MinSizeRel|Win32
		{B3E3FC00-E02A-3322-A4CC-4EF0E6B1E641}.RelWithDebInfo|Win32.ActiveCfg = RelWithDebInfo|Win32
		{B3E3FC00-E02A-3322-A4CC-4EF0E6B1E641}.RelWithDebInfo|Win32.Build.0 = RelWithDebInfo|Win32
		{B4B76B43-C195-3A9B-98C3-D333FEB94AB5}.Debug|Win32.ActiveCfg = Debug|Win32
		{B4B76B43-C195-3A9B-98C3-D333FEB94AB5}.Debug|Win32.Build.0 = Debug|Win32
		{B4B76B43-C195-3A9B-98C3-D333FEB94AB5}.Release|Win32.ActiveCfg = Release|Win32
		{B4B76B43-C195-3A9B-98C3-D333FEB94AB5}.Release|Win32.Build.0 = Release|Win32
		{B4B76B43-C195-3A9B-98C3-D333FEB94AB5}.MinSizeRel|Win32.ActiveCfg = MinSizeRel|Win32
		{B4B76B43-C195-3A9B-98C3-D333FEB94AB5}.MinSizeRel|Win32.Build.0 = MinSizeRel|Win32
		{B4B76B43-C195-3A9B-98C3-D333FEB94AB5}.RelWithDebInfo|Win32.ActiveCfg = RelWithDebInfo|Win32
		{B4B76B43-C195-3A9B-98C3-D333FEB94AB5}.RelWithDebInfo|Win32.Build.0 = RelWithDebInfo|Win32
		{AF0041CB-339C-34A7-8525-522526962937}.Debug|Win32.ActiveCfg = Debug|Win32
		{AF0041CB-339C-34A7-8525-522526962937}.Release|Win32.ActiveCfg = Release|Win32
		{AF0041CB-339C-34A7-8525-522526962937}.MinSizeRel|Win32.ActiveCfg = MinSizeRel|Win32
		{AF0041CB-339C-34A7-8525-522526962937}.RelWithDebInfo|Win32.ActiveCfg = RelWithDebInfo|Win32
		{624BFDA3-9010-3A09-93B3-180249495D9E}.Debug|Win32.ActiveCfg = Debug|Win32
		{624BFDA3-9010-3A09-93B3-180249495D9E}.Debug|Win32.Build.0 = Debug|Win32
		{624BFDA3-9010-3A09-93B3-180249495D9E}.Release|Win32.ActiveCfg = Release|Win32
		{624BFDA3-9010-3A09-93B3-180249495D9E}.Release|Win32.Build.0 = Release|Win32
		{624BFDA3-9010-3A09-93B3-180249495D9E}.MinSizeRel|Win32.ActiveCfg = MinSizeRel|Win32
		{624BFDA3-9010-3A09-93B3-180249495D9E}.MinSizeRel|Win32.Build.0 = MinSizeRel|Win32
		{624BFDA3-9010-3A09-93B3-180249495D9E}.RelWithDebInfo|Win32.ActiveCfg = RelWithDebInfo|Win32
		{624BFDA3-9010-3A09-93B3-180249495D9E}.RelWithDebInfo|Win32.Build.0 = RelWithDebInfo|Win32
		{2516D5C8-7058-32C5-9930-5A852FE43D2F}.Debug|Win32.ActiveCfg = Debug|Win32
		{2516D5C8-7058-32C5-9930-5A852FE43D2F}.Debug|Win32.Build.0 = Debug|Win32
		{2516D5C8-7058-32C5-9930-5A852FE43D2F}.Release|Win32.ActiveCfg = Release|Win32
		{2516D5C8-7058-32C5-9930-5A852FE43D2F}.Release|Win32.Build.0 = Release|Win32
		{2516D5C8-7058-32C5-9930-5A852FE43D2F}.MinSizeRel|Win32.ActiveCfg = MinSizeRel|Win32
		{2516D5C8-7058-32C5-9930-5A852FE43D2F}.MinSizeRel|Win32.Build.0 = MinSizeRel|Win32
		{2516D5C8-7058-32C5-9930-5A852FE43D2F}.RelWithDebInfo|Win32.ActiveCfg = RelWithDebInfo|Win32
		{2516D5C8-7058-32C5-9930-5A852FE43D2F}.RelWithDebInfo|Win32.Build.0 = RelWithDebInfo|Win32
		{6D5E4487-01AC-32D0-B483-B63D0950FB28}.Debug|Win32.ActiveCfg = Debug|Win32
		{6D5E4487-01AC-32D0-B483-B63D0950FB28}.Debug|Win32.Build.0 = Debug|Win32
		{6D5E4487-01AC-32D0-B483-B63D0950FB28}.Release|Win32.ActiveCfg = Release|Win32
		{6D5E4487-01AC-32D0-B483-B63D0950FB28}.Release|Win32.Build.0 = Release|Win32
		{6D5E4487-01AC-32D0-B483-B63D0950FB28}.MinSizeRel|Win32.ActiveCfg = MinSizeRel|Win32
		{6D5E4487-01AC-32D0-B483-B63D0950FB28}.MinSizeRel|Win32.Build.0 = MinSizeRel|Win32
		{6D5E4487-01AC-32D0-B483-B63D0950FB28}.RelWithDebInfo|Win32.ActiveCfg = RelWithDebInfo|Win32
		{6D5E4487-01AC-32D0-B483-B63D0950FB28}.RelWithDebInfo|Win32.Build.0 = RelWithDebInfo|Win32
		{D0A3C373-1336-3DDA-B91A-A4F72644FDCB}.Debug|Win32.ActiveCfg = Debug|Win32
		{D0A3C373-1336-3DDA-B91A-A4F72644FDCB}.Debug|Win32.Build.0 = Debug|Win32
		{D0A3C373-1336-3DDA-B91A-A4F72644FDCB}.Release|Win32.ActiveCfg = Release|Win32
		{D0A3C373-1336-3DDA-B91A-A4F72644FDCB}.Release|Win32.Build.0 = Release|Win32
		{D0A3C373-1336-3DDA-B91A-A4F72644FDCB}.MinSizeRel|Win32.ActiveCfg = MinSizeRel|Win32
		{D0A3C373-1336-3DDA-B91A-A4F72644FDCB}.MinSizeRel|Win32.Build.0 = MinSizeRel|Win32
		{D0A3C373-1336-3DDA-B91A-A4F72644FDCB}.RelWithDebInfo|Win32.ActiveCfg = RelWithDebInfo|Win32
		{D0A3C373-1336-3DDA-B91A-A4F72644FDCB}.RelWithDebInfo|Win32.Build.0 = RelWithDebInfo|Win32
		{2F683F3A-5D44-3E1B-B5DA-5BC084D60466}.Debug|Win32.ActiveCfg = Debug|Win32
		{2F683F3A-5D44-3E1B-B5DA-5BC084D60466}.Debug|Win32.Build.0 = Debug|Win32
		{2F683F3A-5D44-3E1B-B5DA-5BC084D60466}.Release|Win32.ActiveCfg = Release|Win32
		{2F683F3A-5D44-3E1B-B5DA-5BC084D60466}.Release|Win32.Build.0 = Release|Win32
		{2F683F3A-5D44-3E1B-B5DA-5BC084D60466}.MinSizeRel|Win32.ActiveCfg = MinSizeRel|Win32
		{2F683F3A-5D44-3E1B-B5DA-5BC084D60466}.MinSizeRel|Win32.Build.0 = MinSizeRel|Win32
		{2F683F3A-5D44-3E1B-B5DA-5BC084D60466}.RelWithDebInfo|Win32.ActiveCfg = RelWithDebInfo|Win32
		{2F683F3A-5D44-3E1B-B5DA-5BC084D60466}.RelWithDebInfo|Win32.Build.0 = RelWithDebInfo|Win32
		{82623F49-5250-37E6-91DA-CB3422C564E3}.Debug|Win32.ActiveCfg = Debug|Win32
		{82623F49-5250-37E6-91DA-CB3422C564E3}.Debug|Win32.Build.0 = Debug|Win32
		{82623F49-5250-37E6-91DA-CB3422C564E3}.Release|Win32.ActiveCfg = Release|Win32
		{82623F49-5250-37E6-91DA-CB3422C564E3}.Release|Win32.Build.0 = Release|Win32
		{82623F49-5250-37E6-91DA-CB3422C564E3}.MinSizeRel|Win32.ActiveCfg = MinSizeRel|Win32
		{82623F49-5250-37E6-91DA-CB3422C564E3}.MinSizeRel|Win32.Build.0 = MinSizeRel|Win32
		{82623F49-5250-37E6-91DA-CB3422C564E3}.RelWithDebInfo|Win32.ActiveCfg = RelWithDebInfo|Win32
		{82623F49-5250-37E6-91DA-CB3422C564E3}.RelWithDebInfo|Win32.Build.0 = RelWithDebInfo|Win32
		{65211917-6B73-3823-AD63-19D4283F58A9}.Debug|Win32.ActiveCfg = Debug|Win32
		{65211917-6B73-3823-AD63-19D4283F58A9}.Debug|Win32.Build.0 = Debug|Win32
		{65211917-6B73-3823-AD63-19D4283F58A9}.Release|Win32.ActiveCfg = Release|Win32
		{65211917-6B73-3823-AD63-19D4283F58A9}.Release|Win32.Build.0 = Release|Win32
		{65211917-6B73-3823-AD63-19D4283F58A9}.MinSizeRel|Win32.ActiveCfg = MinSizeRel|Win32
		{65211917-6B73-3823-AD63-19D4283F58A9}.MinSizeRel|Win32.Build.0 = MinSizeRel|Win32
		{65211917-6B73-3823-AD63-19D4283F58A9}.RelWithDebInfo|Win32.ActiveCfg = RelWithDebInfo|Win32
		{65211917-6B73-3823-AD63-19D4283F58A9}.RelWithDebInfo|Win32.Build.0 = RelWithDebInfo|Win32
		{696F4529-D294-3AB8-893E-4483F8080AAA}.Debug|Win32.ActiveCfg = Debug|Win32
		{696F4529-D294-3AB8-893E-4483F8080AAA}.Debug|Win32.Build.0 = Debug|Win32
		{696F4529-D294-3AB8-893E-4483F8080AAA}.Release|Win32.ActiveCfg = Release|Win32
		{696F4529-D294-3AB8-893E-4483F8080AAA}.Release|Win32.Build.0 = Release|Win32
		{696F4529-D294-3AB8-893E-4483F8080AAA}.MinSizeRel|Win32.ActiveCfg = MinSizeRel|Win32
		{696F4529-D294-3AB8-893E-4483F8080AAA}.MinSizeRel|Win32.Build.0 = MinSizeRel|Win32
		{696F4529-D294-3AB8-893E-4483F8080AAA}.RelWithDebInfo|Win32.ActiveCfg = RelWithDebInfo|Win32
		{696F4529-D294-3AB8-893E-4483F8080AAA}.RelWithDebInfo|Win32.Build.0 = RelWithDebInfo|Win32
	EndGlobalSection
	GlobalSection(ExtensibilityGlobals) = postSolution
		SolutionGuid = {0A0F7795-F8D4-3D7A-B67C-BCFEC97DA00C}
	EndGlobalSection
	GlobalSection(ExtensibilityAddIns) = postSolution
	EndGlobalSection
EndGlobal
