<?xml version="1.0" encoding="utf-8"?>
<Project ToolsVersion="15.0" xmlns="http://schemas.microsoft.com/developer/msbuild/2003">
  <ItemGroup>
    <CustomBuild Include="D:\capnproto\proj\CMakeFiles\50d2406a4d38cf4a3e28390934c6357e\generate.stamp.rule">
      <Filter>CMake Rules</Filter>
    </CustomBuild>
  </ItemGroup>
  <ItemGroup>
    <Filter Include="CMake Rules">
      <UniqueIdentifier>{1C97E09C-C00F-33BC-939C-A9EA92CB57C1}</UniqueIdentifier>
    </Filter>
  </ItemGroup>
</Project>
