<?xml version="1.0" encoding="utf-8"?>
<Project ToolsVersion="15.0" xmlns="http://schemas.microsoft.com/developer/msbuild/2003">
  <ItemGroup>
    <ClCompile Include="D:\capnproto\c++\src\kj\compat\url.c++">
      <Filter>Source Files</Filter>
    </ClCompile>
    <ClCompile Include="D:\capnproto\c++\src\kj\compat\http.c++">
      <Filter>Source Files</Filter>
    </ClCompile>
  </ItemGroup>
  <ItemGroup>
    <CustomBuild Include="D:\capnproto\c++\src\kj\CMakeLists.txt" />
  </ItemGroup>
  <ItemGroup>
    <Filter Include="Source Files">
      <UniqueIdentifier>{EF1F3907-EB50-3DCD-9AFE-00A925979D7F}</UniqueIdentifier>
    </Filter>
  </ItemGroup>
</Project>
